
Microsoft Visual Studio Solution File, Format Version 12.00
# Visual Studio 14
VisualStudioVersion = 14.0.24720.0
MinimumVisualStudioVersion = 10.0.40219.1
Project("{FAE04EC0-301F-11D3-BF4B-00C04F79EFBC}") = "PasswordTextBoxControl", "PasswordTextBoxControl\PasswordTextBoxControl.csproj", "{BD4D6F49-D6B9-4CDC-AD3A-41F389C35B40}"
EndProject
Project("{FAE04EC0-301F-11D3-BF4B-00C04F79EFBC}") = "PasswordTextBoxControl.Test.Gui", "PasswordTextBoxControl.Test.Gui\PasswordTextBoxControl.Test.Gui.csproj", "{16511CB1-46E5-4206-8F24-391920E6609A}"
EndProject
Project("{FAE04EC0-301F-11D3-BF4B-00C04F79EFBC}") = "PasswordTextBoxControl.Test.Unit", "PasswordTextBoxControl.Test.Unit\PasswordTextBoxControl.Test.Unit.csproj", "{EC71FD3F-AA54-4B25-A7EC-F2783C4AD1C8}"
EndProject
Project("{2150E333-8FDC-42A3-9474-1A3956D46DE8}") = "Solution Items", "Solution Items", "{11BF4F75-33EC-45A3-A3B1-96F110F27996}"
	ProjectSection(SolutionItems) = preProject
		.gitattributes = .gitattributes
		.gitignore = .gitignore
		demo.gif = demo.gif
		History.md = History.md
		icon.gif = icon.gif
		License.md = License.md
		NuGet-package\PasswordTextBox-Control.nuspec = NuGet-package\PasswordTextBox-Control.nuspec
		README.md = README.md
	EndProjectSection
EndProject
Project("{FAE04EC0-301F-11D3-BF4B-00C04F79EFBC}") = "PasswordTextBoxControl-net20", "PasswordTextBoxControl\PasswordTextBoxControl-net20.csproj", "{D6614A39-7483-4EEC-BC75-428F7915A5BE}"
EndProject
Project("{FAE04EC0-301F-11D3-BF4B-00C04F79EFBC}") = "PasswordTextBoxControl.Test.Gui-net20", "PasswordTextBoxControl.Test.Gui\PasswordTextBoxControl.Test.Gui-net20.csproj", "{DDCD06C7-166B-4EA6-94D7-09B4DA0DD4F6}"
EndProject
Project("{FAE04EC0-301F-11D3-BF4B-00C04F79EFBC}") = "PasswordTextBoxControl-net30", "PasswordTextBoxControl\PasswordTextBoxControl-net30.csproj", "{A54D7D6D-CE15-4B8E-B04C-67C26D6FDB6F}"
EndProject
Project("{FAE04EC0-301F-11D3-BF4B-00C04F79EFBC}") = "PasswordTextBoxControl.Test.Gui-net30", "PasswordTextBoxControl.Test.Gui\PasswordTextBoxControl.Test.Gui-net30.csproj", "{D203A699-E5B9-4837-8CA7-76E3E0962C85}"
EndProject
Project("{FAE04EC0-301F-11D3-BF4B-00C04F79EFBC}") = "PasswordTextBoxControl.Test.Gui-net35", "PasswordTextBoxControl.Test.Gui\PasswordTextBoxControl.Test.Gui-net35.csproj", "{AC2CBF7D-4B5B-43A4-97A5-7705E0932B71}"
EndProject
Project("{FAE04EC0-301F-11D3-BF4B-00C04F79EFBC}") = "PasswordTextBoxControl-net35", "PasswordTextBoxControl\PasswordTextBoxControl-net35.csproj", "{1B348574-A68C-4016-90D2-1B313C70C725}"
EndProject
Project("{FAE04EC0-301F-11D3-BF4B-00C04F79EFBC}") = "PasswordTextBoxControl.Test.Unit-net35", "PasswordTextBoxControl.Test.Unit\PasswordTextBoxControl.Test.Unit-net35.csproj", "{E686F0E8-59A2-410B-A968-A978FCBA76E2}"
EndProject
Project("{FAE04EC0-301F-11D3-BF4B-00C04F79EFBC}") = "PasswordTextBoxControl-net35-client", "PasswordTextBoxControl\PasswordTextBoxControl-net35-client.csproj", "{3AEEB916-AFF3-4108-B240-E10F36655041}"
EndProject
Project("{FAE04EC0-301F-11D3-BF4B-00C04F79EFBC}") = "PasswordTextBoxControl.Test.Gui-net35-client", "PasswordTextBoxControl.Test.Gui\PasswordTextBoxControl.Test.Gui-net35-client.csproj", "{96E49674-E88C-4919-9A3A-784E3E7A2712}"
EndProject
Project("{FAE04EC0-301F-11D3-BF4B-00C04F79EFBC}") = "PasswordTextBoxControl-net40", "PasswordTextBoxControl\PasswordTextBoxControl-net40.csproj", "{D2B8631E-149E-4130-8042-06173E5BC615}"
EndProject
Project("{FAE04EC0-301F-11D3-BF4B-00C04F79EFBC}") = "PasswordTextBoxControl.Test.Unit-net40", "PasswordTextBoxControl.Test.Unit\PasswordTextBoxControl.Test.Unit-net40.csproj", "{2237025E-542B-41B2-8667-FC3F15EDE524}"
EndProject
Project("{FAE04EC0-301F-11D3-BF4B-00C04F79EFBC}") = "PasswordTextBoxControl.Test.Gui-net40", "PasswordTextBoxControl.Test.Gui\PasswordTextBoxControl.Test.Gui-net40.csproj", "{F337C2F6-DBAE-4D83-BF58-FB5F19D23F46}"
EndProject
Project("{FAE04EC0-301F-11D3-BF4B-00C04F79EFBC}") = "PasswordTextBoxControl-net40-client", "PasswordTextBoxControl\PasswordTextBoxControl-net40-client.csproj", "{004EF3B1-04C1-4DB0-B470-9EFBD17B7856}"
EndProject
Project("{FAE04EC0-301F-11D3-BF4B-00C04F79EFBC}") = "PasswordTextBoxControl.Test.Gui-net40-client", "PasswordTextBoxControl.Test.Gui\PasswordTextBoxControl.Test.Gui-net40-client.csproj", "{16280D9D-0B77-4168-8FCC-FBA67C5F324B}"
EndProject
Project("{FAE04EC0-301F-11D3-BF4B-00C04F79EFBC}") = "PasswordTextBoxControl-net45", "PasswordTextBoxControl\PasswordTextBoxControl-net45.csproj", "{DF82467C-51A5-4B8D-A8D3-5B883AA2A5D1}"
EndProject
Project("{FAE04EC0-301F-11D3-BF4B-00C04F79EFBC}") = "PasswordTextBoxControl.Test.Unit-net45", "PasswordTextBoxControl.Test.Unit\PasswordTextBoxControl.Test.Unit-net45.csproj", "{C1EC19D1-A186-4D75-9049-C14A3841525A}"
EndProject
Project("{FAE04EC0-301F-11D3-BF4B-00C04F79EFBC}") = "PasswordTextBoxControl.Test.Gui-net45", "PasswordTextBoxControl.Test.Gui\PasswordTextBoxControl.Test.Gui-net45.csproj", "{D0EA040C-A194-4801-BBFF-62108DA7DA1B}"
EndProject
Project("{FAE04EC0-301F-11D3-BF4B-00C04F79EFBC}") = "PasswordTextBoxControl-net451", "PasswordTextBoxControl\PasswordTextBoxControl-net451.csproj", "{3FC01DCA-80FD-4A79-A3FD-1059E6E508A8}"
EndProject
Project("{FAE04EC0-301F-11D3-BF4B-00C04F79EFBC}") = "PasswordTextBoxControl.Test.Gui-net451", "PasswordTextBoxControl.Test.Gui\PasswordTextBoxControl.Test.Gui-net451.csproj", "{E82E9752-19CE-4A72-B7A4-B953E9D4CC52}"
EndProject
Project("{FAE04EC0-301F-11D3-BF4B-00C04F79EFBC}") = "PasswordTextBoxControl.Test.Unit-net451", "PasswordTextBoxControl.Test.Unit\PasswordTextBoxControl.Test.Unit-net451.csproj", "{DDF9A0B9-08DC-4CC3-B6E7-E641172EA7FF}"
EndProject
Project("{FAE04EC0-301F-11D3-BF4B-00C04F79EFBC}") = "PasswordTextBoxControl-net452", "PasswordTextBoxControl\PasswordTextBoxControl-net452.csproj", "{C8CEA832-5CCF-4555-9CD4-33FC151C8F32}"
EndProject
Project("{FAE04EC0-301F-11D3-BF4B-00C04F79EFBC}") = "PasswordTextBoxControl.Test.Gui-net452", "PasswordTextBoxControl.Test.Gui\PasswordTextBoxControl.Test.Gui-net452.csproj", "{1B964FBA-7DE9-4C63-9CC4-EF8D029269E0}"
EndProject
Project("{FAE04EC0-301F-11D3-BF4B-00C04F79EFBC}") = "PasswordTextBoxControl.Test.Unit-net452", "PasswordTextBoxControl.Test.Unit\PasswordTextBoxControl.Test.Unit-net452.csproj", "{F5A33CAD-60F7-47AC-A7A6-7F1ED570EF46}"
EndProject
Project("{FAE04EC0-301F-11D3-BF4B-00C04F79EFBC}") = "PasswordTextBoxControl-net46", "PasswordTextBoxControl\PasswordTextBoxControl-net46.csproj", "{2B6A1822-BEA3-4801-AD02-DE051881A69A}"
EndProject
Project("{FAE04EC0-301F-11D3-BF4B-00C04F79EFBC}") = "PasswordTextBoxControl.Test.Gui-net46", "PasswordTextBoxControl.Test.Gui\PasswordTextBoxControl.Test.Gui-net46.csproj", "{A288517A-BFC7-4F1C-852C-D3934CB810F6}"
EndProject
Project("{FAE04EC0-301F-11D3-BF4B-00C04F79EFBC}") = "PasswordTextBoxControl.Test.Unit-net46", "PasswordTextBoxControl.Test.Unit\PasswordTextBoxControl.Test.Unit-net46.csproj", "{F6A32677-009D-47DC-8A84-49DEA4EA17B5}"
EndProject
Global
	GlobalSection(SolutionConfigurationPlatforms) = preSolution
		Debug|Any CPU = Debug|Any CPU
		Release|Any CPU = Release|Any CPU
	EndGlobalSection
	GlobalSection(ProjectConfigurationPlatforms) = postSolution
		{BD4D6F49-D6B9-4CDC-AD3A-41F389C35B40}.Debug|Any CPU.ActiveCfg = Debug|Any CPU
		{BD4D6F49-D6B9-4CDC-AD3A-41F389C35B40}.Debug|Any CPU.Build.0 = Debug|Any CPU
		{BD4D6F49-D6B9-4CDC-AD3A-41F389C35B40}.Release|Any CPU.ActiveCfg = Release|Any CPU
		{BD4D6F49-D6B9-4CDC-AD3A-41F389C35B40}.Release|Any CPU.Build.0 = Release|Any CPU
		{16511CB1-46E5-4206-8F24-391920E6609A}.Debug|Any CPU.ActiveCfg = Debug|Any CPU
		{16511CB1-46E5-4206-8F24-391920E6609A}.Debug|Any CPU.Build.0 = Debug|Any CPU
		{16511CB1-46E5-4206-8F24-391920E6609A}.Release|Any CPU.ActiveCfg = Release|Any CPU
		{16511CB1-46E5-4206-8F24-391920E6609A}.Release|Any CPU.Build.0 = Release|Any CPU
		{EC71FD3F-AA54-4B25-A7EC-F2783C4AD1C8}.Debug|Any CPU.ActiveCfg = Debug|Any CPU
		{EC71FD3F-AA54-4B25-A7EC-F2783C4AD1C8}.Debug|Any CPU.Build.0 = Debug|Any CPU
		{EC71FD3F-AA54-4B25-A7EC-F2783C4AD1C8}.Release|Any CPU.ActiveCfg = Release|Any CPU
		{EC71FD3F-AA54-4B25-A7EC-F2783C4AD1C8}.Release|Any CPU.Build.0 = Release|Any CPU
		{D6614A39-7483-4EEC-BC75-428F7915A5BE}.Debug|Any CPU.ActiveCfg = Debug|Any CPU
		{D6614A39-7483-4EEC-BC75-428F7915A5BE}.Debug|Any CPU.Build.0 = Debug|Any CPU
		{D6614A39-7483-4EEC-BC75-428F7915A5BE}.Release|Any CPU.ActiveCfg = Release|Any CPU
		{D6614A39-7483-4EEC-BC75-428F7915A5BE}.Release|Any CPU.Build.0 = Release|Any CPU
		{DDCD06C7-166B-4EA6-94D7-09B4DA0DD4F6}.Debug|Any CPU.ActiveCfg = Debug|Any CPU
		{DDCD06C7-166B-4EA6-94D7-09B4DA0DD4F6}.Debug|Any CPU.Build.0 = Debug|Any CPU
		{DDCD06C7-166B-4EA6-94D7-09B4DA0DD4F6}.Release|Any CPU.ActiveCfg = Release|Any CPU
		{DDCD06C7-166B-4EA6-94D7-09B4DA0DD4F6}.Release|Any CPU.Build.0 = Release|Any CPU
		{A54D7D6D-CE15-4B8E-B04C-67C26D6FDB6F}.Debug|Any CPU.ActiveCfg = Debug|Any CPU
		{A54D7D6D-CE15-4B8E-B04C-67C26D6FDB6F}.Debug|Any CPU.Build.0 = Debug|Any CPU
		{A54D7D6D-CE15-4B8E-B04C-67C26D6FDB6F}.Release|Any CPU.ActiveCfg = Release|Any CPU
		{A54D7D6D-CE15-4B8E-B04C-67C26D6FDB6F}.Release|Any CPU.Build.0 = Release|Any CPU
		{D203A699-E5B9-4837-8CA7-76E3E0962C85}.Debug|Any CPU.ActiveCfg = Debug|Any CPU
		{D203A699-E5B9-4837-8CA7-76E3E0962C85}.Debug|Any CPU.Build.0 = Debug|Any CPU
		{D203A699-E5B9-4837-8CA7-76E3E0962C85}.Release|Any CPU.ActiveCfg = Release|Any CPU
		{D203A699-E5B9-4837-8CA7-76E3E0962C85}.Release|Any CPU.Build.0 = Release|Any CPU
		{AC2CBF7D-4B5B-43A4-97A5-7705E0932B71}.Debug|Any CPU.ActiveCfg = Debug|Any CPU
		{AC2CBF7D-4B5B-43A4-97A5-7705E0932B71}.Debug|Any CPU.Build.0 = Debug|Any CPU
		{AC2CBF7D-4B5B-43A4-97A5-7705E0932B71}.Release|Any CPU.ActiveCfg = Release|Any CPU
		{AC2CBF7D-4B5B-43A4-97A5-7705E0932B71}.Release|Any CPU.Build.0 = Release|Any CPU
		{1B348574-A68C-4016-90D2-1B313C70C725}.Debug|Any CPU.ActiveCfg = Debug|Any CPU
		{1B348574-A68C-4016-90D2-1B313C70C725}.Debug|Any CPU.Build.0 = Debug|Any CPU
		{1B348574-A68C-4016-90D2-1B313C70C725}.Release|Any CPU.ActiveCfg = Release|Any CPU
		{1B348574-A68C-4016-90D2-1B313C70C725}.Release|Any CPU.Build.0 = Release|Any CPU
		{E686F0E8-59A2-410B-A968-A978FCBA76E2}.Debug|Any CPU.ActiveCfg = Debug|Any CPU
		{E686F0E8-59A2-410B-A968-A978FCBA76E2}.Debug|Any CPU.Build.0 = Debug|Any CPU
		{E686F0E8-59A2-410B-A968-A978FCBA76E2}.Release|Any CPU.ActiveCfg = Release|Any CPU
		{E686F0E8-59A2-410B-A968-A978FCBA76E2}.Release|Any CPU.Build.0 = Release|Any CPU
		{3AEEB916-AFF3-4108-B240-E10F36655041}.Debug|Any CPU.ActiveCfg = Debug|Any CPU
		{3AEEB916-AFF3-4108-B240-E10F36655041}.Debug|Any CPU.Build.0 = Debug|Any CPU
		{3AEEB916-AFF3-4108-B240-E10F36655041}.Release|Any CPU.ActiveCfg = Release|Any CPU
		{3AEEB916-AFF3-4108-B240-E10F36655041}.Release|Any CPU.Build.0 = Release|Any CPU
		{96E49674-E88C-4919-9A3A-784E3E7A2712}.Debug|Any CPU.ActiveCfg = Debug|Any CPU
		{96E49674-E88C-4919-9A3A-784E3E7A2712}.Debug|Any CPU.Build.0 = Debug|Any CPU
		{96E49674-E88C-4919-9A3A-784E3E7A2712}.Release|Any CPU.ActiveCfg = Release|Any CPU
		{96E49674-E88C-4919-9A3A-784E3E7A2712}.Release|Any CPU.Build.0 = Release|Any CPU
		{D2B8631E-149E-4130-8042-06173E5BC615}.Debug|Any CPU.ActiveCfg = Debug|Any CPU
		{D2B8631E-149E-4130-8042-06173E5BC615}.Debug|Any CPU.Build.0 = Debug|Any CPU
		{D2B8631E-149E-4130-8042-06173E5BC615}.Release|Any CPU.ActiveCfg = Release|Any CPU
		{D2B8631E-149E-4130-8042-06173E5BC615}.Release|Any CPU.Build.0 = Release|Any CPU
		{2237025E-542B-41B2-8667-FC3F15EDE524}.Debug|Any CPU.ActiveCfg = Debug|Any CPU
		{2237025E-542B-41B2-8667-FC3F15EDE524}.Debug|Any CPU.Build.0 = Debug|Any CPU
		{2237025E-542B-41B2-8667-FC3F15EDE524}.Release|Any CPU.ActiveCfg = Release|Any CPU
		{2237025E-542B-41B2-8667-FC3F15EDE524}.Release|Any CPU.Build.0 = Release|Any CPU
		{F337C2F6-DBAE-4D83-BF58-FB5F19D23F46}.Debug|Any CPU.ActiveCfg = Debug|Any CPU
		{F337C2F6-DBAE-4D83-BF58-FB5F19D23F46}.Debug|Any CPU.Build.0 = Debug|Any CPU
		{F337C2F6-DBAE-4D83-BF58-FB5F19D23F46}.Release|Any CPU.ActiveCfg = Release|Any CPU
		{F337C2F6-DBAE-4D83-BF58-FB5F19D23F46}.Release|Any CPU.Build.0 = Release|Any CPU
		{004EF3B1-04C1-4DB0-B470-9EFBD17B7856}.Debug|Any CPU.ActiveCfg = Debug|Any CPU
		{004EF3B1-04C1-4DB0-B470-9EFBD17B7856}.Debug|Any CPU.Build.0 = Debug|Any CPU
		{004EF3B1-04C1-4DB0-B470-9EFBD17B7856}.Release|Any CPU.ActiveCfg = Release|Any CPU
		{004EF3B1-04C1-4DB0-B470-9EFBD17B7856}.Release|Any CPU.Build.0 = Release|Any CPU
		{16280D9D-0B77-4168-8FCC-FBA67C5F324B}.Debug|Any CPU.ActiveCfg = Debug|Any CPU
		{16280D9D-0B77-4168-8FCC-FBA67C5F324B}.Debug|Any CPU.Build.0 = Debug|Any CPU
		{16280D9D-0B77-4168-8FCC-FBA67C5F324B}.Release|Any CPU.ActiveCfg = Release|Any CPU
		{16280D9D-0B77-4168-8FCC-FBA67C5F324B}.Release|Any CPU.Build.0 = Release|Any CPU
		{DF82467C-51A5-4B8D-A8D3-5B883AA2A5D1}.Debug|Any CPU.ActiveCfg = Debug|Any CPU
		{DF82467C-51A5-4B8D-A8D3-5B883AA2A5D1}.Debug|Any CPU.Build.0 = Debug|Any CPU
		{DF82467C-51A5-4B8D-A8D3-5B883AA2A5D1}.Release|Any CPU.ActiveCfg = Release|Any CPU
		{DF82467C-51A5-4B8D-A8D3-5B883AA2A5D1}.Release|Any CPU.Build.0 = Release|Any CPU
		{C1EC19D1-A186-4D75-9049-C14A3841525A}.Debug|Any CPU.ActiveCfg = Debug|Any CPU
		{C1EC19D1-A186-4D75-9049-C14A3841525A}.Debug|Any CPU.Build.0 = Debug|Any CPU
		{C1EC19D1-A186-4D75-9049-C14A3841525A}.Release|Any CPU.ActiveCfg = Release|Any CPU
		{C1EC19D1-A186-4D75-9049-C14A3841525A}.Release|Any CPU.Build.0 = Release|Any CPU
		{D0EA040C-A194-4801-BBFF-62108DA7DA1B}.Debug|Any CPU.ActiveCfg = Debug|Any CPU
		{D0EA040C-A194-4801-BBFF-62108DA7DA1B}.Debug|Any CPU.Build.0 = Debug|Any CPU
		{D0EA040C-A194-4801-BBFF-62108DA7DA1B}.Release|Any CPU.ActiveCfg = Release|Any CPU
		{D0EA040C-A194-4801-BBFF-62108DA7DA1B}.Release|Any CPU.Build.0 = Release|Any CPU
		{3FC01DCA-80FD-4A79-A3FD-1059E6E508A8}.Debug|Any CPU.ActiveCfg = Debug|Any CPU
		{3FC01DCA-80FD-4A79-A3FD-1059E6E508A8}.Debug|Any CPU.Build.0 = Debug|Any CPU
		{3FC01DCA-80FD-4A79-A3FD-1059E6E508A8}.Release|Any CPU.ActiveCfg = Release|Any CPU
		{3FC01DCA-80FD-4A79-A3FD-1059E6E508A8}.Release|Any CPU.Build.0 = Release|Any CPU
		{E82E9752-19CE-4A72-B7A4-B953E9D4CC52}.Debug|Any CPU.ActiveCfg = Debug|Any CPU
		{E82E9752-19CE-4A72-B7A4-B953E9D4CC52}.Debug|Any CPU.Build.0 = Debug|Any CPU
		{E82E9752-19CE-4A72-B7A4-B953E9D4CC52}.Release|Any CPU.ActiveCfg = Release|Any CPU
		{E82E9752-19CE-4A72-B7A4-B953E9D4CC52}.Release|Any CPU.Build.0 = Release|Any CPU
		{DDF9A0B9-08DC-4CC3-B6E7-E641172EA7FF}.Debug|Any CPU.ActiveCfg = Debug|Any CPU
		{DDF9A0B9-08DC-4CC3-B6E7-E641172EA7FF}.Debug|Any CPU.Build.0 = Debug|Any CPU
		{DDF9A0B9-08DC-4CC3-B6E7-E641172EA7FF}.Release|Any CPU.ActiveCfg = Release|Any CPU
		{DDF9A0B9-08DC-4CC3-B6E7-E641172EA7FF}.Release|Any CPU.Build.0 = Release|Any CPU
		{C8CEA832-5CCF-4555-9CD4-33FC151C8F32}.Debug|Any CPU.ActiveCfg = Debug|Any CPU
		{C8CEA832-5CCF-4555-9CD4-33FC151C8F32}.Debug|Any CPU.Build.0 = Debug|Any CPU
		{C8CEA832-5CCF-4555-9CD4-33FC151C8F32}.Release|Any CPU.ActiveCfg = Release|Any CPU
		{C8CEA832-5CCF-4555-9CD4-33FC151C8F32}.Release|Any CPU.Build.0 = Release|Any CPU
		{1B964FBA-7DE9-4C63-9CC4-EF8D029269E0}.Debug|Any CPU.ActiveCfg = Debug|Any CPU
		{1B964FBA-7DE9-4C63-9CC4-EF8D029269E0}.Debug|Any CPU.Build.0 = Debug|Any CPU
		{1B964FBA-7DE9-4C63-9CC4-EF8D029269E0}.Release|Any CPU.ActiveCfg = Release|Any CPU
		{1B964FBA-7DE9-4C63-9CC4-EF8D029269E0}.Release|Any CPU.Build.0 = Release|Any CPU
		{F5A33CAD-60F7-47AC-A7A6-7F1ED570EF46}.Debug|Any CPU.ActiveCfg = Debug|Any CPU
		{F5A33CAD-60F7-47AC-A7A6-7F1ED570EF46}.Debug|Any CPU.Build.0 = Debug|Any CPU
		{F5A33CAD-60F7-47AC-A7A6-7F1ED570EF46}.Release|Any CPU.ActiveCfg = Release|Any CPU
		{F5A33CAD-60F7-47AC-A7A6-7F1ED570EF46}.Release|Any CPU.Build.0 = Release|Any CPU
		{2B6A1822-BEA3-4801-AD02-DE051881A69A}.Debug|Any CPU.ActiveCfg = Debug|Any CPU
		{2B6A1822-BEA3-4801-AD02-DE051881A69A}.Debug|Any CPU.Build.0 = Debug|Any CPU
		{2B6A1822-BEA3-4801-AD02-DE051881A69A}.Release|Any CPU.ActiveCfg = Release|Any CPU
		{2B6A1822-BEA3-4801-AD02-DE051881A69A}.Release|Any CPU.Build.0 = Release|Any CPU
		{A288517A-BFC7-4F1C-852C-D3934CB810F6}.Debug|Any CPU.ActiveCfg = Debug|Any CPU
		{A288517A-BFC7-4F1C-852C-D3934CB810F6}.Debug|Any CPU.Build.0 = Debug|Any CPU
		{A288517A-BFC7-4F1C-852C-D3934CB810F6}.Release|Any CPU.ActiveCfg = Release|Any CPU
		{A288517A-BFC7-4F1C-852C-D3934CB810F6}.Release|Any CPU.Build.0 = Release|Any CPU
		{F6A32677-009D-47DC-8A84-49DEA4EA17B5}.Debug|Any CPU.ActiveCfg = Debug|Any CPU
		{F6A32677-009D-47DC-8A84-49DEA4EA17B5}.Debug|Any CPU.Build.0 = Debug|Any CPU
		{F6A32677-009D-47DC-8A84-49DEA4EA17B5}.Release|Any CPU.ActiveCfg = Release|Any CPU
		{F6A32677-009D-47DC-8A84-49DEA4EA17B5}.Release|Any CPU.Build.0 = Release|Any CPU
	EndGlobalSection
	GlobalSection(SolutionProperties) = preSolution
		HideSolutionNode = FALSE
	EndGlobalSection
EndGlobal
